
Microsoft Visual Studio Solution File, Format Version 12.00
# Visual Studio Version 17
VisualStudioVersion = 17.3.32825.248
MinimumVisualStudioVersion = 10.0.40219.1
Project("{FAE04EC0-301F-11D3-BF4B-00C04F79EFBC}") = "report_project", "report_project\report_project.csproj", "{55FA166C-D387-4CE2-BF1E-FEC082FA0A8E}"
EndProject
Global
	GlobalSection(SolutionConfigurationPlatforms) = preSolution
		Debug|Any CPU = Debug|Any CPU
		Release|Any CPU = Release|Any CPU
	EndGlobalSection
	GlobalSection(ProjectConfigurationPlatforms) = postSolution
		{55FA166C-D387-4CE2-BF1E-FEC082FA0A8E}.Debug|Any CPU.ActiveCfg = Debug|Any CPU
		{55FA166C-D387-4CE2-BF1E-FEC082FA0A8E}.Debug|Any CPU.Build.0 = Debug|Any CPU
		{55FA166C-D387-4CE2-BF1E-FEC082FA0A8E}.Release|Any CPU.ActiveCfg = Release|Any CPU
		{55FA166C-D387-4CE2-BF1E-FEC082FA0A8E}.Release|Any CPU.Build.0 = Release|Any CPU
	EndGlobalSection
	GlobalSection(SolutionProperties) = preSolution
		HideSolutionNode = FALSE
	EndGlobalSection
	GlobalSection(ExtensibilityGlobals) = postSolution
		SolutionGuid = {87D73ED8-AC06-40F5-A04E-E2E0E790C47B}
	EndGlobalSection
EndGlobal
